
Microsoft Visual Studio Solution File, Format Version 12.00
# Visual Studio 15
VisualStudioVersion = 15.0.26124.0
MinimumVisualStudioVersion = 15.0.26124.0
Project("{FAE04EC0-301F-11D3-BF4B-00C04F79EFBC}") = "HelperLibrary", "HelperLibrary\HelperLibrary.csproj", "{2F016DF7-0395-430C-8D1B-F274EC0E704E}"
EndProject
Project("{FAE04EC0-301F-11D3-BF4B-00C04F79EFBC}") = "TennisMatch", "TennisMatch\TennisMatch.csproj", "{B5BAB342-0865-4551-BBA5-51FF4303B294}"
EndProject
Global
	GlobalSection(SolutionConfigurationPlatforms) = preSolution
		Debug|Any CPU = Debug|Any CPU
		Debug|x64 = Debug|x64
		Debug|x86 = Debug|x86
		Release|Any CPU = Release|Any CPU
		Release|x64 = Release|x64
		Release|x86 = Release|x86
	EndGlobalSection
	GlobalSection(SolutionProperties) = preSolution
		HideSolutionNode = FALSE
	EndGlobalSection
	GlobalSection(ProjectConfigurationPlatforms) = postSolution
		{2F016DF7-0395-430C-8D1B-F274EC0E704E}.Debug|Any CPU.ActiveCfg = Debug|Any CPU
		{2F016DF7-0395-430C-8D1B-F274EC0E704E}.Debug|Any CPU.Build.0 = Debug|Any CPU
		{2F016DF7-0395-430C-8D1B-F274EC0E704E}.Debug|x64.ActiveCfg = Debug|Any CPU
		{2F016DF7-0395-430C-8D1B-F274EC0E704E}.Debug|x64.Build.0 = Debug|Any CPU
		{2F016DF7-0395-430C-8D1B-F274EC0E704E}.Debug|x86.ActiveCfg = Debug|Any CPU
		{2F016DF7-0395-430C-8D1B-F274EC0E704E}.Debug|x86.Build.0 = Debug|Any CPU
		{2F016DF7-0395-430C-8D1B-F274EC0E704E}.Release|Any CPU.ActiveCfg = Release|Any CPU
		{2F016DF7-0395-430C-8D1B-F274EC0E704E}.Release|Any CPU.Build.0 = Release|Any CPU
		{2F016DF7-0395-430C-8D1B-F274EC0E704E}.Release|x64.ActiveCfg = Release|Any CPU
		{2F016DF7-0395-430C-8D1B-F274EC0E704E}.Release|x64.Build.0 = Release|Any CPU
		{2F016DF7-0395-430C-8D1B-F274EC0E704E}.Release|x86.ActiveCfg = Release|Any CPU
		{2F016DF7-0395-430C-8D1B-F274EC0E704E}.Release|x86.Build.0 = Release|Any CPU
		{B5BAB342-0865-4551-BBA5-51FF4303B294}.Debug|Any CPU.ActiveCfg = Debug|Any CPU
		{B5BAB342-0865-4551-BBA5-51FF4303B294}.Debug|Any CPU.Build.0 = Debug|Any CPU
		{B5BAB342-0865-4551-BBA5-51FF4303B294}.Debug|x64.ActiveCfg = Debug|Any CPU
		{B5BAB342-0865-4551-BBA5-51FF4303B294}.Debug|x64.Build.0 = Debug|Any CPU
		{B5BAB342-0865-4551-BBA5-51FF4303B294}.Debug|x86.ActiveCfg = Debug|Any CPU
		{B5BAB342-0865-4551-BBA5-51FF4303B294}.Debug|x86.Build.0 = Debug|Any CPU
		{B5BAB342-0865-4551-BBA5-51FF4303B294}.Release|Any CPU.ActiveCfg = Release|Any CPU
		{B5BAB342-0865-4551-BBA5-51FF4303B294}.Release|Any CPU.Build.0 = Release|Any CPU
		{B5BAB342-0865-4551-BBA5-51FF4303B294}.Release|x64.ActiveCfg = Release|Any CPU
		{B5BAB342-0865-4551-BBA5-51FF4303B294}.Release|x64.Build.0 = Release|Any CPU
		{B5BAB342-0865-4551-BBA5-51FF4303B294}.Release|x86.ActiveCfg = Release|Any CPU
		{B5BAB342-0865-4551-BBA5-51FF4303B294}.Release|x86.Build.0 = Release|Any CPU
	EndGlobalSection
EndGlobal
